
Microsoft Visual Studio Solution File, Format Version 12.00
# Visual Studio Version 17
VisualStudioVersion = 17.13.35919.96 d17.13
MinimumVisualStudioVersion = 10.0.40219.1
Project("{54A90642-561A-4BB1-A94E-469ADEE60C69}") = "neusims.client", "neusims.client\neusims.client.esproj", "{8B09F36C-0E59-B818-5C35-63D4E717823C}"
EndProject
Project("{FAE04EC0-301F-11D3-BF4B-00C04F79EFBC}") = "NeuSIMS.Server", "NeuSIMS.Server\NeuSIMS.Server.csproj", "{BF9E667C-3E50-4552-A9BD-6D63CF5B0186}"
EndProject
Global
	GlobalSection(SolutionConfigurationPlatforms) = preSolution
		Debug|Any CPU = Debug|Any CPU
		Release|Any CPU = Release|Any CPU
	EndGlobalSection
	GlobalSection(ProjectConfigurationPlatforms) = postSolution
		{8B09F36C-0E59-B818-5C35-63D4E717823C}.Debug|Any CPU.ActiveCfg = Debug|Any CPU
		{8B09F36C-0E59-B818-5C35-63D4E717823C}.Debug|Any CPU.Build.0 = Debug|Any CPU
		{8B09F36C-0E59-B818-5C35-63D4E717823C}.Debug|Any CPU.Deploy.0 = Debug|Any CPU
		{8B09F36C-0E59-B818-5C35-63D4E717823C}.Release|Any CPU.ActiveCfg = Release|Any CPU
		{8B09F36C-0E59-B818-5C35-63D4E717823C}.Release|Any CPU.Build.0 = Release|Any CPU
		{8B09F36C-0E59-B818-5C35-63D4E717823C}.Release|Any CPU.Deploy.0 = Release|Any CPU
		{BF9E667C-3E50-4552-A9BD-6D63CF5B0186}.Debug|Any CPU.ActiveCfg = Debug|Any CPU
		{BF9E667C-3E50-4552-A9BD-6D63CF5B0186}.Debug|Any CPU.Build.0 = Debug|Any CPU
		{BF9E667C-3E50-4552-A9BD-6D63CF5B0186}.Release|Any CPU.ActiveCfg = Release|Any CPU
		{BF9E667C-3E50-4552-A9BD-6D63CF5B0186}.Release|Any CPU.Build.0 = Release|Any CPU
	EndGlobalSection
	GlobalSection(SolutionProperties) = preSolution
		HideSolutionNode = FALSE
	EndGlobalSection
	GlobalSection(ExtensibilityGlobals) = postSolution
		SolutionGuid = {3650568F-5D65-4C7C-A85A-C144ABFDDCE6}
	EndGlobalSection
EndGlobal
